# THIS IS AN AUTOGENERATED FILE. DO NOT EDIT THIS FILE DIRECTLY.
# yarn lockfile v1


"@serialport/binding-mock@10.2.2":
  version "10.2.2"
  resolved "https://registry.yarnpkg.com/@serialport/binding-mock/-/binding-mock-10.2.2.tgz#d322a8116a97806addda13c62f50e73d16125874"
  integrity sha512-HAFzGhk9OuFMpuor7aT5G1ChPgn5qSsklTFOTUX72Rl6p0xwcSVsRtG/xaGp6bxpN7fI9D/S8THLBWbBgS6ldw==
  dependencies:
    "@serialport/bindings-interface" "^1.2.1"
    debug "^4.3.3"

"@serialport/bindings-cpp@13.0.0":
  version "13.0.0"
  resolved "https://registry.yarnpkg.com/@serialport/bindings-cpp/-/bindings-cpp-13.0.0.tgz#d8a06881c1f9ce59c28fb22e23ad72062963b26d"
  integrity sha512-r25o4Bk/vaO1LyUfY/ulR6hCg/aWiN6Wo2ljVlb4Pj5bqWGcSRC4Vse4a9AcapuAu/FeBzHCbKMvRQeCuKjzIQ==
  dependencies:
    "@serialport/bindings-interface" "1.2.2"
    "@serialport/parser-readline" "12.0.0"
    debug "4.4.0"
    node-addon-api "8.3.0"
    node-gyp-build "4.8.4"

"@serialport/bindings-interface@1.2.2", "@serialport/bindings-interface@^1.2.1":
  version "1.2.2"
  resolved "https://registry.yarnpkg.com/@serialport/bindings-interface/-/bindings-interface-1.2.2.tgz#c4ae9c1c85e26b02293f62f37435478d90baa460"
  integrity sha512-CJaUd5bLvtM9c5dmO9rPBHPXTa9R2UwpkJ0wdh9JCYcbrPWsKz+ErvR0hBLeo7NPeiFdjFO4sonRljiw4d2XiA==

"@serialport/parser-byte-length@13.0.0":
  version "13.0.0"
  resolved "https://registry.yarnpkg.com/@serialport/parser-byte-length/-/parser-byte-length-13.0.0.tgz#173b3f94ff24f30a617faef396579bb876082c3c"
  integrity sha512-32yvqeTAqJzAEtX5zCrN1Mej56GJ5h/cVFsCDPbF9S1ZSC9FWjOqNAgtByseHfFTSTs/4ZBQZZcZBpolt8sUng==

"@serialport/parser-cctalk@13.0.0":
  version "13.0.0"
  resolved "https://registry.yarnpkg.com/@serialport/parser-cctalk/-/parser-cctalk-13.0.0.tgz#d1fc988454b49241d744d581dbb3d5ec4df5af5a"
  integrity sha512-RErAe57g9gvnlieVYGIn1xymb1bzNXb2QtUQd14FpmbQQYlcrmuRnJwKa1BgTCujoCkhtaTtgHlbBWOxm8U2uA==

"@serialport/parser-delimiter@12.0.0":
  version "12.0.0"
  resolved "https://registry.yarnpkg.com/@serialport/parser-delimiter/-/parser-delimiter-12.0.0.tgz#43d3687f982829cc9b48ee0b21f2de80d0f19778"
  integrity sha512-gu26tVt5lQoybhorLTPsH2j2LnX3AOP2x/34+DUSTNaUTzu2fBXw+isVjQJpUBFWu6aeQRZw5bJol5X9Gxjblw==

"@serialport/parser-delimiter@13.0.0":
  version "13.0.0"
  resolved "https://registry.yarnpkg.com/@serialport/parser-delimiter/-/parser-delimiter-13.0.0.tgz#5d342004cfc5af30f4694e18a4d3407a66ca1eec"
  integrity sha512-Qqyb0FX1avs3XabQqNaZSivyVbl/yl0jywImp7ePvfZKLwx7jBZjvL+Hawt9wIG6tfq6zbFM24vzCCK7REMUig==

"@serialport/parser-inter-byte-timeout@13.0.0":
  version "13.0.0"
  resolved "https://registry.yarnpkg.com/@serialport/parser-inter-byte-timeout/-/parser-inter-byte-timeout-13.0.0.tgz#e0b696ebe921ba9a120088bd012ef413d61d7f40"
  integrity sha512-a0w0WecTW7bD2YHWrpTz1uyiWA2fDNym0kjmPeNSwZ2XCP+JbirZt31l43m2ey6qXItTYVuQBthm75sPVeHnGA==

"@serialport/parser-packet-length@13.0.0":
  version "13.0.0"
  resolved "https://registry.yarnpkg.com/@serialport/parser-packet-length/-/parser-packet-length-13.0.0.tgz#fcb80de042720c8c029cf912a9ec268f5fa6ec87"
  integrity sha512-60ZDDIqYRi0Xs2SPZUo4Jr5LLIjtb+rvzPKMJCohrO6tAqSDponcNpcB1O4W21mKTxYjqInSz+eMrtk0LLfZIg==

"@serialport/parser-readline@12.0.0":
  version "12.0.0"
  resolved "https://registry.yarnpkg.com/@serialport/parser-readline/-/parser-readline-12.0.0.tgz#50e992004d7a84d5a12e0b016adb9021d3a72fbb"
  integrity sha512-O7cywCWC8PiOMvo/gglEBfAkLjp/SENEML46BXDykfKP5mTPM46XMaX1L0waWU6DXJpBgjaL7+yX6VriVPbN4w==
  dependencies:
    "@serialport/parser-delimiter" "12.0.0"

"@serialport/parser-readline@13.0.0":
  version "13.0.0"
  resolved "https://registry.yarnpkg.com/@serialport/parser-readline/-/parser-readline-13.0.0.tgz#624594a1af030949eaea9873a4c50fe6c464f85e"
  integrity sha512-dov3zYoyf0dt1Sudd1q42VVYQ4WlliF0MYvAMA3MOyiU1IeG4hl0J6buBA2w4gl3DOCC05tGgLDN/3yIL81gsA==
  dependencies:
    "@serialport/parser-delimiter" "13.0.0"

"@serialport/parser-ready@13.0.0":
  version "13.0.0"
  resolved "https://registry.yarnpkg.com/@serialport/parser-ready/-/parser-ready-13.0.0.tgz#f56b289632426fb50da79222106e09a602df5f41"
  integrity sha512-JNUQA+y2Rfs4bU+cGYNqOPnNMAcayhhW+XJZihSLQXOHcZsFnOa2F9YtMg9VXRWIcnHldHYtisp62Etjlw24bw==

"@serialport/parser-regex@13.0.0":
  version "13.0.0"
  resolved "https://registry.yarnpkg.com/@serialport/parser-regex/-/parser-regex-13.0.0.tgz#0de6d1b8224d5b14c6ad5208c30a842cb5c0d312"
  integrity sha512-m7HpIf56G5XcuDdA3DB34Z0pJiwxNRakThEHjSa4mG05OnWYv0IG8l2oUyYfuGMowQWaVnQ+8r+brlPxGVH+eA==

"@serialport/parser-slip-encoder@13.0.0":
  version "13.0.0"
  resolved "https://registry.yarnpkg.com/@serialport/parser-slip-encoder/-/parser-slip-encoder-13.0.0.tgz#961439d6aa0f519c05dcabbfc47a8cfea068fedd"
  integrity sha512-fUHZEExm6izJ7rg0A1yjXwu4sOzeBkPAjDZPfb+XQoqgtKAk+s+HfICiYn7N2QU9gyaeCO8VKgWwi+b/DowYOg==

"@serialport/parser-spacepacket@13.0.0":
  version "13.0.0"
  resolved "https://registry.yarnpkg.com/@serialport/parser-spacepacket/-/parser-spacepacket-13.0.0.tgz#3f2ff34e9b4c32ead1d50db50cd1a27b49f154d6"
  integrity sha512-DoXJ3mFYmyD8X/8931agJvrBPxqTaYDsPoly9/cwQSeh/q4EjQND9ySXBxpWz5WcpyCU4jOuusqCSAPsbB30Eg==

"@serialport/stream@13.0.0":
  version "13.0.0"
  resolved "https://registry.yarnpkg.com/@serialport/stream/-/stream-13.0.0.tgz#12f04da9429809bb3ace2e9b7369b82ba1d39f0a"
  integrity sha512-F7xLJKsjGo2WuEWMSEO1SimRcOA+WtWICsY13r0ahx8s2SecPQH06338g28OT7cW7uRXI7oEQAk62qh5gHJW3g==
  dependencies:
    "@serialport/bindings-interface" "1.2.2"
    debug "4.4.0"

ajv-formats@^2.1.1:
  version "2.1.1"
  resolved "https://registry.yarnpkg.com/ajv-formats/-/ajv-formats-2.1.1.tgz#6e669400659eb74973bbf2e33327180a0996b520"
  integrity sha512-Wx0Kx52hxE7C18hkMEggYlEifqWZtYaRgouJor+WMdPnQyEK13vgEWyVNup7SoeeoLMsr4kf5h6dOW11I15MUA==
  dependencies:
    ajv "^8.0.0"

ajv@^8.0.0, ajv@^8.6.3:
  version "8.17.1"
  resolved "https://registry.yarnpkg.com/ajv/-/ajv-8.17.1.tgz#37d9a5c776af6bc92d7f4f9510eba4c0a60d11a6"
  integrity sha512-B/gBuNg5SiMTrPkC+A2+cW0RszwxYmn6VYxB/inlBStS5nx6xHIt/ehKRhIMhqusl7a8LjQoZnjCs5vhwxOQ1g==
  dependencies:
    fast-deep-equal "^3.1.3"
    fast-uri "^3.0.1"
    json-schema-traverse "^1.0.0"
    require-from-string "^2.0.2"

atomically@^1.7.0:
  version "1.7.0"
  resolved "https://registry.yarnpkg.com/atomically/-/atomically-1.7.0.tgz#c07a0458432ea6dbc9a3506fffa424b48bccaafe"
  integrity sha512-Xcz9l0z7y9yQ9rdDaxlmaI4uJHf/T8g9hOEzJcsEqX2SjCj4J20uK7+ldkDHMbpJDK76wF7xEIgxc/vSlsfw5w==

conf@^10.2.0:
  version "10.2.0"
  resolved "https://registry.yarnpkg.com/conf/-/conf-10.2.0.tgz#838e757be963f1a2386dfe048a98f8f69f7b55d6"
  integrity sha512-8fLl9F04EJqjSqH+QjITQfJF8BrOVaYr1jewVgSRAEWePfxT0sku4w2hrGQ60BC/TNLGQ2pgxNlTbWQmMPFvXg==
  dependencies:
    ajv "^8.6.3"
    ajv-formats "^2.1.1"
    atomically "^1.7.0"
    debounce-fn "^4.0.0"
    dot-prop "^6.0.1"
    env-paths "^2.2.1"
    json-schema-typed "^7.0.3"
    onetime "^5.1.2"
    pkg-up "^3.1.0"
    semver "^7.3.5"

debounce-fn@^4.0.0:
  version "4.0.0"
  resolved "https://registry.yarnpkg.com/debounce-fn/-/debounce-fn-4.0.0.tgz#ed76d206d8a50e60de0dd66d494d82835ffe61c7"
  integrity sha512-8pYCQiL9Xdcg0UPSD3d+0KMlOjp+KGU5EPwYddgzQ7DATsg4fuUDjQtsYLmWjnk2obnNHgV3vE2Y4jejSOJVBQ==
  dependencies:
    mimic-fn "^3.0.0"

debug@4.4.0, debug@^4.3.3:
  version "4.4.0"
  resolved "https://registry.yarnpkg.com/debug/-/debug-4.4.0.tgz#2b3f2aea2ffeb776477460267377dc8710faba8a"
  integrity sha512-6WTZ/IxCY/T6BALoZHaE4ctp9xm+Z5kY/pzYaCHRFeyVhojxlrm+46y68HA6hr0TcwEssoxNiDEUJQjfPZ/RYA==
  dependencies:
    ms "^2.1.3"

dot-prop@^6.0.1:
  version "6.0.1"
  resolved "https://registry.yarnpkg.com/dot-prop/-/dot-prop-6.0.1.tgz#fc26b3cf142b9e59b74dbd39ed66ce620c681083"
  integrity sha512-tE7ztYzXHIeyvc7N+hR3oi7FIbf/NIjVP9hmAt3yMXzrQ072/fpjGLx2GxNxGxUl5V73MEqYzioOMoVhGMJ5cA==
  dependencies:
    is-obj "^2.0.0"

electron-store@^8.2.0:
  version "8.2.0"
  resolved "https://registry.yarnpkg.com/electron-store/-/electron-store-8.2.0.tgz#114e6e453e8bb746ab4ccb542424d8c881ad2ca1"
  integrity sha512-ukLL5Bevdil6oieAOXz3CMy+OgaItMiVBg701MNlG6W5RaC0AHN7rvlqTCmeb6O7jP0Qa1KKYTE0xV0xbhF4Hw==
  dependencies:
    conf "^10.2.0"
    type-fest "^2.17.0"

env-paths@^2.2.1:
  version "2.2.1"
  resolved "https://registry.yarnpkg.com/env-paths/-/env-paths-2.2.1.tgz#420399d416ce1fbe9bc0a07c62fa68d67fd0f8f2"
  integrity sha512-+h1lkLKhZMTYjog1VEpJNG7NZJWcuc2DDk/qsqSTRRCOXiLjeQ1d1/udrUGhqMxUgAlwKNZ0cf2uqan5GLuS2A==

fast-deep-equal@^3.1.3:
  version "3.1.3"
  resolved "https://registry.yarnpkg.com/fast-deep-equal/-/fast-deep-equal-3.1.3.tgz#3a7d56b559d6cbc3eb512325244e619a65c6c525"
  integrity sha512-f3qQ9oQy9j2AhBe/H9VC91wLmKBCCU/gDOnKNAYG5hswO7BLKj09Hc5HYNz9cGI++xlpDCIgDaitVs03ATR84Q==

fast-uri@^3.0.1:
  version "3.0.6"
  resolved "https://registry.yarnpkg.com/fast-uri/-/fast-uri-3.0.6.tgz#88f130b77cfaea2378d56bf970dea21257a68748"
  integrity sha512-Atfo14OibSv5wAp4VWNsFYE1AchQRTv9cBGWET4pZWHzYshFSS9NQI6I57rdKn9croWVMbYFbLhJ+yJvmZIIHw==

find-up@^3.0.0:
  version "3.0.0"
  resolved "https://registry.yarnpkg.com/find-up/-/find-up-3.0.0.tgz#49169f1d7993430646da61ecc5ae355c21c97b73"
  integrity sha512-1yD6RmLI1XBfxugvORwlck6f75tYL+iR0jqwsOrOxMZyGYqUuDhJ0l4AXdO1iX/FTs9cBAMEk1gWSEx1kSbylg==
  dependencies:
    locate-path "^3.0.0"

is-obj@^2.0.0:
  version "2.0.0"
  resolved "https://registry.yarnpkg.com/is-obj/-/is-obj-2.0.0.tgz#473fb05d973705e3fd9620545018ca8e22ef4982"
  integrity sha512-drqDG3cbczxxEJRoOXcOjtdp1J/lyp1mNn0xaznRs8+muBhgQcrnbspox5X5fOw0HnMnbfDzvnEMEtqDEJEo8w==

json-schema-traverse@^1.0.0:
  version "1.0.0"
  resolved "https://registry.yarnpkg.com/json-schema-traverse/-/json-schema-traverse-1.0.0.tgz#ae7bcb3656ab77a73ba5c49bf654f38e6b6860e2"
  integrity sha512-NM8/P9n3XjXhIZn1lLhkFaACTOURQXjWhV4BA/RnOv8xvgqtqpAX9IO4mRQxSx1Rlo4tqzeqb0sOlruaOy3dug==

json-schema-typed@^7.0.3:
  version "7.0.3"
  resolved "https://registry.yarnpkg.com/json-schema-typed/-/json-schema-typed-7.0.3.tgz#23ff481b8b4eebcd2ca123b4fa0409e66469a2d9"
  integrity sha512-7DE8mpG+/fVw+dTpjbxnx47TaMnDfOI1jwft9g1VybltZCduyRQPJPvc+zzKY9WPHxhPWczyFuYa6I8Mw4iU5A==

locate-path@^3.0.0:
  version "3.0.0"
  resolved "https://registry.yarnpkg.com/locate-path/-/locate-path-3.0.0.tgz#dbec3b3ab759758071b58fe59fc41871af21400e"
  integrity sha512-7AO748wWnIhNqAuaty2ZWHkQHRSNfPVIsPIfwEOWO22AmaoVrWavlOcMR5nzTLNYvp36X220/maaRsrec1G65A==
  dependencies:
    p-locate "^3.0.0"
    path-exists "^3.0.0"

mimic-fn@^2.1.0:
  version "2.1.0"
  resolved "https://registry.yarnpkg.com/mimic-fn/-/mimic-fn-2.1.0.tgz#7ed2c2ccccaf84d3ffcb7a69b57711fc2083401b"
  integrity sha512-OqbOk5oEQeAZ8WXWydlu9HJjz9WVdEIvamMCcXmuqUYjTknH/sqsWvhQ3vgwKFRR1HpjvNBKQ37nbJgYzGqGcg==

mimic-fn@^3.0.0:
  version "3.1.0"
  resolved "https://registry.yarnpkg.com/mimic-fn/-/mimic-fn-3.1.0.tgz#65755145bbf3e36954b949c16450427451d5ca74"
  integrity sha512-Ysbi9uYW9hFyfrThdDEQuykN4Ey6BuwPD2kpI5ES/nFTDn/98yxYNLZJcgUAKPT/mcrLLKaGzJR9YVxJrIdASQ==

ms@^2.1.3:
  version "2.1.3"
  resolved "https://registry.yarnpkg.com/ms/-/ms-2.1.3.tgz#574c8138ce1d2b5861f0b44579dbadd60c6615b2"
  integrity sha512-6FlzubTLZG3J2a/NVCAleEhjzq5oxgHyaCU9yYXvcLsvoVaHJq/s5xXI6/XXP6tz7R9xAOtHnSO/tXtF3WRTlA==

node-addon-api@8.3.0:
  version "8.3.0"
  resolved "https://registry.yarnpkg.com/node-addon-api/-/node-addon-api-8.3.0.tgz#ec3763f18befc1cdf66d11e157ce44d5eddc0603"
  integrity sha512-8VOpLHFrOQlAH+qA0ZzuGRlALRA6/LVh8QJldbrC4DY0hXoMP0l4Acq8TzFC018HztWiRqyCEj2aTWY2UvnJUg==

node-gyp-build@4.8.4:
  version "4.8.4"
  resolved "https://registry.yarnpkg.com/node-gyp-build/-/node-gyp-build-4.8.4.tgz#8a70ee85464ae52327772a90d66c6077a900cfc8"
  integrity sha512-LA4ZjwlnUblHVgq0oBF3Jl/6h/Nvs5fzBLwdEF4nuxnFdsfajde4WfxtJr3CaiH+F6ewcIB/q4jQ4UzPyid+CQ==

onetime@^5.1.2:
  version "5.1.2"
  resolved "https://registry.yarnpkg.com/onetime/-/onetime-5.1.2.tgz#d0e96ebb56b07476df1dd9c4806e5237985ca45e"
  integrity sha512-kbpaSSGJTWdAY5KPVeMOKXSrPtr8C8C7wodJbcsd51jRnmD+GZu8Y0VoU6Dm5Z4vWr0Ig/1NKuWRKf7j5aaYSg==
  dependencies:
    mimic-fn "^2.1.0"

p-limit@^2.0.0:
  version "2.3.0"
  resolved "https://registry.yarnpkg.com/p-limit/-/p-limit-2.3.0.tgz#3dd33c647a214fdfffd835933eb086da0dc21db1"
  integrity sha512-//88mFWSJx8lxCzwdAABTJL2MyWB12+eIY7MDL2SqLmAkeKU9qxRvWuSyTjm3FUmpBEMuFfckAIqEaVGUDxb6w==
  dependencies:
    p-try "^2.0.0"

p-locate@^3.0.0:
  version "3.0.0"
  resolved "https://registry.yarnpkg.com/p-locate/-/p-locate-3.0.0.tgz#322d69a05c0264b25997d9f40cd8a891ab0064a4"
  integrity sha512-x+12w/To+4GFfgJhBEpiDcLozRJGegY+Ei7/z0tSLkMmxGZNybVMSfWj9aJn8Z5Fc7dBUNJOOVgPv2H7IwulSQ==
  dependencies:
    p-limit "^2.0.0"

p-try@^2.0.0:
  version "2.2.0"
  resolved "https://registry.yarnpkg.com/p-try/-/p-try-2.2.0.tgz#cb2868540e313d61de58fafbe35ce9004d5540e6"
  integrity sha512-R4nPAVTAU0B9D35/Gk3uJf/7XYbQcyohSKdvAxIRSNghFl4e71hVoGnBNQz9cWaXxO2I10KTC+3jMdvvoKw6dQ==

path-exists@^3.0.0:
  version "3.0.0"
  resolved "https://registry.yarnpkg.com/path-exists/-/path-exists-3.0.0.tgz#ce0ebeaa5f78cb18925ea7d810d7b59b010fd515"
  integrity sha512-bpC7GYwiDYQ4wYLe+FA8lhRjhQCMcQGuSgGGqDkg/QerRWw9CmGRT0iSOVRSZJ29NMLZgIzqaljJ63oaL4NIJQ==

pkg-up@^3.1.0:
  version "3.1.0"
  resolved "https://registry.yarnpkg.com/pkg-up/-/pkg-up-3.1.0.tgz#100ec235cc150e4fd42519412596a28512a0def5"
  integrity sha512-nDywThFk1i4BQK4twPQ6TA4RT8bDY96yeuCVBWL3ePARCiEKDRSrNGbFIgUJpLp+XeIR65v8ra7WuJOFUBtkMA==
  dependencies:
    find-up "^3.0.0"

require-from-string@^2.0.2:
  version "2.0.2"
  resolved "https://registry.yarnpkg.com/require-from-string/-/require-from-string-2.0.2.tgz#89a7fdd938261267318eafe14f9c32e598c36909"
  integrity sha512-Xf0nWe6RseziFMu+Ap9biiUbmplq6S9/p+7w7YXP/JBHhrUDDUhwa+vANyubuqfZWTveU//DYVGsDG7RKL/vEw==

semver@^7.3.5:
  version "7.7.1"
  resolved "https://registry.yarnpkg.com/semver/-/semver-7.7.1.tgz#abd5098d82b18c6c81f6074ff2647fd3e7220c9f"
  integrity sha512-hlq8tAfn0m/61p4BVRcPzIGr6LKiMwo4VM6dGi6pt4qcRkmNzTcWq6eCEjEh+qXjkMDvPlOFFSGwQjoEa6gyMA==

serialport@^13.0.0:
  version "13.0.0"
  resolved "https://registry.yarnpkg.com/serialport/-/serialport-13.0.0.tgz#f92a8c04e1b0ba5550bdf01224df27f7919b14c4"
  integrity sha512-PHpnTd8isMGPfFTZNCzOZp9m4mAJSNWle9Jxu6BPTcWq7YXl5qN7tp8Sgn0h+WIGcD6JFz5QDgixC2s4VW7vzg==
  dependencies:
    "@serialport/binding-mock" "10.2.2"
    "@serialport/bindings-cpp" "13.0.0"
    "@serialport/parser-byte-length" "13.0.0"
    "@serialport/parser-cctalk" "13.0.0"
    "@serialport/parser-delimiter" "13.0.0"
    "@serialport/parser-inter-byte-timeout" "13.0.0"
    "@serialport/parser-packet-length" "13.0.0"
    "@serialport/parser-readline" "13.0.0"
    "@serialport/parser-ready" "13.0.0"
    "@serialport/parser-regex" "13.0.0"
    "@serialport/parser-slip-encoder" "13.0.0"
    "@serialport/parser-spacepacket" "13.0.0"
    "@serialport/stream" "13.0.0"
    debug "4.4.0"

type-fest@^2.17.0:
  version "2.19.0"
  resolved "https://registry.yarnpkg.com/type-fest/-/type-fest-2.19.0.tgz#88068015bb33036a598b952e55e9311a60fd3a9b"
  integrity sha512-RAH822pAdBgcNMAfWnCBU3CFZcfZ/i1eZjwFU/dsLKumyuuP3niueg2UAukXYF0E2AAoc82ZSSf9J0WQBinzHA==
